{
  "requires": true,
  "lockfileVersion": 1,
  "dependencies": {
    "body-scroll-lock": {
      "version": "2.7.1",
      "resolved": "https://registry.npmjs.org/body-scroll-lock/-/body-scroll-lock-2.7.1.tgz",
      "integrity": "sha512-hS53SQ8RhM0e4DsQ3PKz6Gr2O7Kpdh59TWU98GHjaQznL7y4dFycEPk7pFQAikqBaUSCArkc5E3pe7CWIt2fZA=="
    },
    "dayjs": {
      "version": "1.8.27",
      "resolved": "https://registry.npmjs.org/dayjs/-/dayjs-1.8.27.tgz",
      "integrity": "sha512-Jpa2acjWIeOkg8KURUHICk0EqnEFSSF5eMEscsOgyJ92ZukXwmpmRkPSUka7KHSfbj5eKH30ieosYip+ky9emQ=="
    },
    "keycode": {
      "version": "2.2.0",
      "resolved": "https://registry.npmjs.org/keycode/-/keycode-2.2.0.tgz",
      "integrity": "sha1-PQr1bce4uOXLqNCpfxByBO7CKwQ="
    },
    "muse-ui": {
      "version": "3.0.2",
      "resolved": "https://registry.npmjs.org/muse-ui/-/muse-ui-3.0.2.tgz",
      "integrity": "sha512-oIH8wEKQqXA6xbb3HzprxC2xoF7P8G01uvF+Jhs6VtbxQjO7VVkKKFu2Mb2NmhX3mMU2EBCgE8wlTU29ffjkPA==",
      "requires": {
        "body-scroll-lock": "^2.6.1",
        "dayjs": "^1.8.2",
        "keycode": "^2.1.9",
        "normalize-wheel": "^1.0.1",
        "resize-observer-polyfill": "^1.5.0"
      }
    },
    "muse-ui-carbon-theme": {
      "version": "0.1.0",
      "resolved": "https://registry.npmjs.org/muse-ui-carbon-theme/-/muse-ui-carbon-theme-0.1.0.tgz",
      "integrity": "sha512-fa47r1UrXH23DRqSpvnERstUNkJwuUogdc9gUJAngJ+Rf1NXcaOc249thp+tw6J6+FQF584cXjpr99ArTpD1jQ=="
    },
    "normalize-wheel": {
      "version": "1.0.1",
      "resolved": "https://registry.npmjs.org/normalize-wheel/-/normalize-wheel-1.0.1.tgz",
      "integrity": "sha1-rsiGr/2wRQcNhWRH32Ls+GFG7EU="
    },
    "resize-observer-polyfill": {
      "version": "1.5.1",
      "resolved": "https://registry.npmjs.org/resize-observer-polyfill/-/resize-observer-polyfill-1.5.1.tgz",
      "integrity": "sha512-LwZrotdHOo12nQuZlHEmtuXdqGoOD0OhaxopaNFxWzInpEgaLWoVuAMbTzixuosCx2nEG58ngzW3vxdWoxIgdg=="
    },
    "vue": {
      "version": "2.6.11",
      "resolved": "https://registry.npmjs.org/vue/-/vue-2.6.11.tgz",
      "integrity": "sha512-VfPwgcGABbGAue9+sfrD4PuwFar7gPb1yl1UK1MwXoQPAw0BKSqWfoYCT/ThFrdEVWoI51dBuyCoiNU9bZDZxQ=="
    }
  }
}
